
Microsoft Visual Studio Solution File, Format Version 12.00
# Visual Studio Version 17
VisualStudioVersion = 17.2.32526.322
MinimumVisualStudioVersion = 10.0.40219.1
Project("{9A19103F-16F7-4668-BE54-9A1E7A4F7556}") = "ProgLib", "ProgLib\ProgLib.csproj", "{190F85C0-0A8D-4666-BB4C-9F046CC01FFD}"
EndProject
Project("{9A19103F-16F7-4668-BE54-9A1E7A4F7556}") = "Test", "Test\Test.csproj", "{18719D00-8560-4D6E-A31A-A6B317F2650C}"
EndProject
Project("{9A19103F-16F7-4668-BE54-9A1E7A4F7556}") = "CliTool", "CliTool\CliTool.csproj", "{D26AE367-EED8-47D9-9798-733E3FD65224}"
EndProject
Global
	GlobalSection(SolutionConfigurationPlatforms) = preSolution
		Debug_Ubuntu|Any CPU = Debug_Ubuntu|Any CPU
		Debug|Any CPU = Debug|Any CPU
		Release_Ubuntu|Any CPU = Release_Ubuntu|Any CPU
		Release|Any CPU = Release|Any CPU
	EndGlobalSection
	GlobalSection(ProjectConfigurationPlatforms) = postSolution
		{190F85C0-0A8D-4666-BB4C-9F046CC01FFD}.Debug_Ubuntu|Any CPU.ActiveCfg = Debug|Any CPU
		{190F85C0-0A8D-4666-BB4C-9F046CC01FFD}.Debug_Ubuntu|Any CPU.Build.0 = Debug|Any CPU
		{190F85C0-0A8D-4666-BB4C-9F046CC01FFD}.Debug|Any CPU.ActiveCfg = Debug|Any CPU
		{190F85C0-0A8D-4666-BB4C-9F046CC01FFD}.Debug|Any CPU.Build.0 = Debug|Any CPU
		{190F85C0-0A8D-4666-BB4C-9F046CC01FFD}.Release_Ubuntu|Any CPU.ActiveCfg = Release|Any CPU
		{190F85C0-0A8D-4666-BB4C-9F046CC01FFD}.Release_Ubuntu|Any CPU.Build.0 = Release|Any CPU
		{190F85C0-0A8D-4666-BB4C-9F046CC01FFD}.Release|Any CPU.ActiveCfg = Release|Any CPU
		{190F85C0-0A8D-4666-BB4C-9F046CC01FFD}.Release|Any CPU.Build.0 = Release|Any CPU
		{18719D00-8560-4D6E-A31A-A6B317F2650C}.Debug_Ubuntu|Any CPU.ActiveCfg = Debug|Any CPU
		{18719D00-8560-4D6E-A31A-A6B317F2650C}.Debug_Ubuntu|Any CPU.Build.0 = Debug|Any CPU
		{18719D00-8560-4D6E-A31A-A6B317F2650C}.Debug|Any CPU.ActiveCfg = Debug|Any CPU
		{18719D00-8560-4D6E-A31A-A6B317F2650C}.Debug|Any CPU.Build.0 = Debug|Any CPU
		{18719D00-8560-4D6E-A31A-A6B317F2650C}.Release_Ubuntu|Any CPU.ActiveCfg = Release|Any CPU
		{18719D00-8560-4D6E-A31A-A6B317F2650C}.Release_Ubuntu|Any CPU.Build.0 = Release|Any CPU
		{18719D00-8560-4D6E-A31A-A6B317F2650C}.Release|Any CPU.ActiveCfg = Release|Any CPU
		{18719D00-8560-4D6E-A31A-A6B317F2650C}.Release|Any CPU.Build.0 = Release|Any CPU
		{D26AE367-EED8-47D9-9798-733E3FD65224}.Debug_Ubuntu|Any CPU.ActiveCfg = Debug|Any CPU
		{D26AE367-EED8-47D9-9798-733E3FD65224}.Debug_Ubuntu|Any CPU.Build.0 = Debug|Any CPU
		{D26AE367-EED8-47D9-9798-733E3FD65224}.Debug|Any CPU.ActiveCfg = Debug|Any CPU
		{D26AE367-EED8-47D9-9798-733E3FD65224}.Debug|Any CPU.Build.0 = Debug|Any CPU
		{D26AE367-EED8-47D9-9798-733E3FD65224}.Release_Ubuntu|Any CPU.ActiveCfg = Release|Any CPU
		{D26AE367-EED8-47D9-9798-733E3FD65224}.Release_Ubuntu|Any CPU.Build.0 = Release|Any CPU
		{D26AE367-EED8-47D9-9798-733E3FD65224}.Release|Any CPU.ActiveCfg = Release|Any CPU
		{D26AE367-EED8-47D9-9798-733E3FD65224}.Release|Any CPU.Build.0 = Release|Any CPU
	EndGlobalSection
	GlobalSection(SolutionProperties) = preSolution
		HideSolutionNode = FALSE
	EndGlobalSection
	GlobalSection(ExtensibilityGlobals) = postSolution
		SolutionGuid = {49C58CC1-D859-42B0-8F28-D06F8FB5BF8B}
	EndGlobalSection
EndGlobal
